
Microsoft Visual Studio Solution File, Format Version 12.00
# Visual Studio 15
VisualStudioVersion = 15.0.28010.2003
MinimumVisualStudioVersion = 10.0.40219.1
Project("{FAE04EC0-301F-11D3-BF4B-00C04F79EFBC}") = "Game_Menu", "Game_Menu\Game_Menu.csproj", "{277FF23A-57FF-4F5A-9BCA-37B402ED6605}"
EndProject
Project("{FAE04EC0-301F-11D3-BF4B-00C04F79EFBC}") = "MemoryMap", "MemoryMap\MemoryMap.csproj", "{C81C3057-273E-40AE-98F7-B61D71D85CE2}"
EndProject
Global
	GlobalSection(SolutionConfigurationPlatforms) = preSolution
		Debug|Any CPU = Debug|Any CPU
		Release|Any CPU = Release|Any CPU
	EndGlobalSection
	GlobalSection(ProjectConfigurationPlatforms) = postSolution
		{277FF23A-57FF-4F5A-9BCA-37B402ED6605}.Debug|Any CPU.ActiveCfg = Debug|Any CPU
		{277FF23A-57FF-4F5A-9BCA-37B402ED6605}.Debug|Any CPU.Build.0 = Debug|Any CPU
		{277FF23A-57FF-4F5A-9BCA-37B402ED6605}.Release|Any CPU.ActiveCfg = Release|Any CPU
		{277FF23A-57FF-4F5A-9BCA-37B402ED6605}.Release|Any CPU.Build.0 = Release|Any CPU
		{C81C3057-273E-40AE-98F7-B61D71D85CE2}.Debug|Any CPU.ActiveCfg = Debug|Any CPU
		{C81C3057-273E-40AE-98F7-B61D71D85CE2}.Debug|Any CPU.Build.0 = Debug|Any CPU
		{C81C3057-273E-40AE-98F7-B61D71D85CE2}.Release|Any CPU.ActiveCfg = Release|Any CPU
		{C81C3057-273E-40AE-98F7-B61D71D85CE2}.Release|Any CPU.Build.0 = Release|Any CPU
	EndGlobalSection
	GlobalSection(SolutionProperties) = preSolution
		HideSolutionNode = FALSE
	EndGlobalSection
	GlobalSection(ExtensibilityGlobals) = postSolution
		SolutionGuid = {00B5A574-30FD-4774-9E69-191F74A71F5F}
	EndGlobalSection
EndGlobal
